// !$*UTF8*$!
{
	archiveVersion = 1;
	classes = {
	};
	objectVersion = 50;
	objects = {

/* Begin PBXBuildFile section */
		893EA378230907E600A03E77 /* AppDelegate.swift in Sources */ = {isa = PBXBuildFile; fileRef = 893EA377230907E600A03E77 /* AppDelegate.swift */; };
		893EA37F230907E700A03E77 /* Assets.xcassets in Resources */ = {isa = PBXBuildFile; fileRef = 893EA37E230907E700A03E77 /* Assets.xcassets */; };
		893EA382230907E700A03E77 /* LaunchScreen.storyboard in Resources */ = {isa = PBXBuildFile; fileRef = 893EA380230907E700A03E77 /* LaunchScreen.storyboard */; };
		893EA38D230907E700A03E77 /* UserLocationTests.swift in Sources */ = {isa = PBXBuildFile; fileRef = 893EA38C230907E700A03E77 /* UserLocationTests.swift */; };
		893EA398230907E700A03E77 /* Landmark_RemarkUITests.swift in Sources */ = {isa = PBXBuildFile; fileRef = 893EA397230907E700A03E77 /* Landmark_RemarkUITests.swift */; };
		893EA3AA23092DF900A03E77 /* MapViewController.swift in Sources */ = {isa = PBXBuildFile; fileRef = 893EA3A823092DF900A03E77 /* MapViewController.swift */; };
		893EA3AB23092DF900A03E77 /* MapViewController.xib in Resources */ = {isa = PBXBuildFile; fileRef = 893EA3A923092DF900A03E77 /* MapViewController.xib */; };
		893EA3AE230935E200A03E77 /* Coordinator.swift in Sources */ = {isa = PBXBuildFile; fileRef = 893EA3AD230935E200A03E77 /* Coordinator.swift */; };
		893EA3B0230935FD00A03E77 /* AppCoordinator.swift in Sources */ = {isa = PBXBuildFile; fileRef = 893EA3AF230935FD00A03E77 /* AppCoordinator.swift */; };
		893EA3B42309414D00A03E77 /* Remark.swift in Sources */ = {isa = PBXBuildFile; fileRef = 893EA3B32309414D00A03E77 /* Remark.swift */; };
		893EA3B7230942B000A03E77 /* MapViewModel.swift in Sources */ = {isa = PBXBuildFile; fileRef = 893EA3B6230942B000A03E77 /* MapViewModel.swift */; };
		893EA3BA2309549800A03E77 /* MockService.swift in Sources */ = {isa = PBXBuildFile; fileRef = 893EA3B92309549800A03E77 /* MockService.swift */; };
		893EA3BC230954CA00A03E77 /* Service.swift in Sources */ = {isa = PBXBuildFile; fileRef = 893EA3BB230954CA00A03E77 /* Service.swift */; };
		893EA3C22309F71F00A03E77 /* MockData.swift in Sources */ = {isa = PBXBuildFile; fileRef = 893EA3C12309F71F00A03E77 /* MockData.swift */; };
		893EA3C32309F71F00A03E77 /* MockData.swift in Sources */ = {isa = PBXBuildFile; fileRef = 893EA3C12309F71F00A03E77 /* MockData.swift */; };
		893EA3C42309F71F00A03E77 /* MockData.swift in Sources */ = {isa = PBXBuildFile; fileRef = 893EA3C12309F71F00A03E77 /* MockData.swift */; };
		893EA3C62309FB0100A03E77 /* PinStyle.swift in Sources */ = {isa = PBXBuildFile; fileRef = 893EA3C52309FB0100A03E77 /* PinStyle.swift */; };
		893EA3CB2309FF1B00A03E77 /* Theme.swift in Sources */ = {isa = PBXBuildFile; fileRef = 893EA3CA2309FF1B00A03E77 /* Theme.swift */; };
		893EA3CF230CC28C00A03E77 /* APIService.swift in Sources */ = {isa = PBXBuildFile; fileRef = 893EA3CE230CC28C00A03E77 /* APIService.swift */; };
		893EA3D5230CE6D700A03E77 /* SearchResponse.swift in Sources */ = {isa = PBXBuildFile; fileRef = 893EA3D4230CE6D700A03E77 /* SearchResponse.swift */; };
		893EA3D7230CF8C900A03E77 /* AlertHelper.swift in Sources */ = {isa = PBXBuildFile; fileRef = 893EA3D6230CF8C900A03E77 /* AlertHelper.swift */; };
		893EA3D9230D053900A03E77 /* NoteCoordinator.swift in Sources */ = {isa = PBXBuildFile; fileRef = 893EA3D8230D053900A03E77 /* NoteCoordinator.swift */; };
		893EA3DB230D099300A03E77 /* LocationManager.swift in Sources */ = {isa = PBXBuildFile; fileRef = 893EA3DA230D099300A03E77 /* LocationManager.swift */; };
		893EA3DE230D0C7300A03E77 /* SetupViewController.swift in Sources */ = {isa = PBXBuildFile; fileRef = 893EA3DC230D0C7300A03E77 /* SetupViewController.swift */; };
		893EA3DF230D0C7300A03E77 /* SetupViewController.xib in Resources */ = {isa = PBXBuildFile; fileRef = 893EA3DD230D0C7300A03E77 /* SetupViewController.xib */; };
		893EA3E1230D1AE900A03E77 /* SetupViewModel.swift in Sources */ = {isa = PBXBuildFile; fileRef = 893EA3E0230D1AE900A03E77 /* SetupViewModel.swift */; };
		893EA3E3230D1D2900A03E77 /* MapCoordinator.swift in Sources */ = {isa = PBXBuildFile; fileRef = 893EA3E2230D1D2900A03E77 /* MapCoordinator.swift */; };
		893EA3E5230D38D100A03E77 /* README.md in Resources */ = {isa = PBXBuildFile; fileRef = 893EA3E4230D38D000A03E77 /* README.md */; };
		893EA3EA230D3B6C00A03E77 /* PhysicalLocationManager.swift in Sources */ = {isa = PBXBuildFile; fileRef = 893EA3E9230D3B6C00A03E77 /* PhysicalLocationManager.swift */; };
		893EA3EC230D402E00A03E77 /* MockLocationManager.swift in Sources */ = {isa = PBXBuildFile; fileRef = 893EA3EB230D402E00A03E77 /* MockLocationManager.swift */; };
		893EA3EE230D50A300A03E77 /* RemarksTest.swift in Sources */ = {isa = PBXBuildFile; fileRef = 893EA3ED230D50A300A03E77 /* RemarksTest.swift */; };
/* End PBXBuildFile section */

/* Begin PBXContainerItemProxy section */
		893EA389230907E700A03E77 /* PBXContainerItemProxy */ = {
			isa = PBXContainerItemProxy;
			containerPortal = 893EA36C230907E500A03E77 /* Project object */;
			proxyType = 1;
			remoteGlobalIDString = 893EA373230907E500A03E77;
			remoteInfo = "Landmark Remark";
		};
		893EA394230907E700A03E77 /* PBXContainerItemProxy */ = {
			isa = PBXContainerItemProxy;
			containerPortal = 893EA36C230907E500A03E77 /* Project object */;
			proxyType = 1;
			remoteGlobalIDString = 893EA373230907E500A03E77;
			remoteInfo = "Landmark Remark";
		};
/* End PBXContainerItemProxy section */

/* Begin PBXFileReference section */
		893EA374230907E600A03E77 /* Landmark Remark.app */ = {isa = PBXFileReference; explicitFileType = wrapper.application; includeInIndex = 0; path = "Landmark Remark.app"; sourceTree = BUILT_PRODUCTS_DIR; };
		893EA377230907E600A03E77 /* AppDelegate.swift */ = {isa = PBXFileReference; lastKnownFileType = sourcecode.swift; path = AppDelegate.swift; sourceTree = "<group>"; };
		893EA37E230907E700A03E77 /* Assets.xcassets */ = {isa = PBXFileReference; lastKnownFileType = folder.assetcatalog; path = Assets.xcassets; sourceTree = "<group>"; };
		893EA381230907E700A03E77 /* Base */ = {isa = PBXFileReference; lastKnownFileType = file.storyboard; name = Base; path = Base.lproj/LaunchScreen.storyboard; sourceTree = "<group>"; };
		893EA383230907E700A03E77 /* Info.plist */ = {isa = PBXFileReference; lastKnownFileType = text.plist.xml; path = Info.plist; sourceTree = "<group>"; };
		893EA388230907E700A03E77 /* Landmark RemarkTests.xctest */ = {isa = PBXFileReference; explicitFileType = wrapper.cfbundle; includeInIndex = 0; path = "Landmark RemarkTests.xctest"; sourceTree = BUILT_PRODUCTS_DIR; };
		893EA38C230907E700A03E77 /* UserLocationTests.swift */ = {isa = PBXFileReference; lastKnownFileType = sourcecode.swift; path = UserLocationTests.swift; sourceTree = "<group>"; };
		893EA38E230907E700A03E77 /* Info.plist */ = {isa = PBXFileReference; lastKnownFileType = text.plist.xml; path = Info.plist; sourceTree = "<group>"; };
		893EA393230907E700A03E77 /* Landmark RemarkUITests.xctest */ = {isa = PBXFileReference; explicitFileType = wrapper.cfbundle; includeInIndex = 0; path = "Landmark RemarkUITests.xctest"; sourceTree = BUILT_PRODUCTS_DIR; };
		893EA397230907E700A03E77 /* Landmark_RemarkUITests.swift */ = {isa = PBXFileReference; lastKnownFileType = sourcecode.swift; path = Landmark_RemarkUITests.swift; sourceTree = "<group>"; };
		893EA399230907E700A03E77 /* Info.plist */ = {isa = PBXFileReference; lastKnownFileType = text.plist.xml; path = Info.plist; sourceTree = "<group>"; };
		893EA3A823092DF900A03E77 /* MapViewController.swift */ = {isa = PBXFileReference; lastKnownFileType = sourcecode.swift; path = MapViewController.swift; sourceTree = "<group>"; };
		893EA3A923092DF900A03E77 /* MapViewController.xib */ = {isa = PBXFileReference; lastKnownFileType = file.xib; path = MapViewController.xib; sourceTree = "<group>"; };
		893EA3AD230935E200A03E77 /* Coordinator.swift */ = {isa = PBXFileReference; lastKnownFileType = sourcecode.swift; path = Coordinator.swift; sourceTree = "<group>"; };
		893EA3AF230935FD00A03E77 /* AppCoordinator.swift */ = {isa = PBXFileReference; lastKnownFileType = sourcecode.swift; path = AppCoordinator.swift; sourceTree = "<group>"; };
		893EA3B32309414D00A03E77 /* Remark.swift */ = {isa = PBXFileReference; lastKnownFileType = sourcecode.swift; path = Remark.swift; sourceTree = "<group>"; };
		893EA3B6230942B000A03E77 /* MapViewModel.swift */ = {isa = PBXFileReference; lastKnownFileType = sourcecode.swift; path = MapViewModel.swift; sourceTree = "<group>"; };
		893EA3B92309549800A03E77 /* MockService.swift */ = {isa = PBXFileReference; lastKnownFileType = sourcecode.swift; path = MockService.swift; sourceTree = "<group>"; };
		893EA3BB230954CA00A03E77 /* Service.swift */ = {isa = PBXFileReference; lastKnownFileType = sourcecode.swift; path = Service.swift; sourceTree = "<group>"; };
		893EA3C12309F71F00A03E77 /* MockData.swift */ = {isa = PBXFileReference; lastKnownFileType = sourcecode.swift; path = MockData.swift; sourceTree = "<group>"; };
		893EA3C52309FB0100A03E77 /* PinStyle.swift */ = {isa = PBXFileReference; lastKnownFileType = sourcecode.swift; path = PinStyle.swift; sourceTree = "<group>"; };
		893EA3CA2309FF1B00A03E77 /* Theme.swift */ = {isa = PBXFileReference; lastKnownFileType = sourcecode.swift; path = Theme.swift; sourceTree = "<group>"; };
		893EA3CE230CC28C00A03E77 /* APIService.swift */ = {isa = PBXFileReference; lastKnownFileType = sourcecode.swift; path = APIService.swift; sourceTree = "<group>"; };
		893EA3D4230CE6D700A03E77 /* SearchResponse.swift */ = {isa = PBXFileReference; lastKnownFileType = sourcecode.swift; path = SearchResponse.swift; sourceTree = "<group>"; };
		893EA3D6230CF8C900A03E77 /* AlertHelper.swift */ = {isa = PBXFileReference; lastKnownFileType = sourcecode.swift; path = AlertHelper.swift; sourceTree = "<group>"; };
		893EA3D8230D053900A03E77 /* NoteCoordinator.swift */ = {isa = PBXFileReference; lastKnownFileType = sourcecode.swift; path = NoteCoordinator.swift; sourceTree = "<group>"; };
		893EA3DA230D099300A03E77 /* LocationManager.swift */ = {isa = PBXFileReference; lastKnownFileType = sourcecode.swift; path = LocationManager.swift; sourceTree = "<group>"; };
		893EA3DC230D0C7300A03E77 /* SetupViewController.swift */ = {isa = PBXFileReference; lastKnownFileType = sourcecode.swift; path = SetupViewController.swift; sourceTree = "<group>"; };
		893EA3DD230D0C7300A03E77 /* SetupViewController.xib */ = {isa = PBXFileReference; lastKnownFileType = file.xib; path = SetupViewController.xib; sourceTree = "<group>"; };
		893EA3E0230D1AE900A03E77 /* SetupViewModel.swift */ = {isa = PBXFileReference; lastKnownFileType = sourcecode.swift; path = SetupViewModel.swift; sourceTree = "<group>"; };
		893EA3E2230D1D2900A03E77 /* MapCoordinator.swift */ = {isa = PBXFileReference; lastKnownFileType = sourcecode.swift; path = MapCoordinator.swift; sourceTree = "<group>"; };
		893EA3E4230D38D000A03E77 /* README.md */ = {isa = PBXFileReference; fileEncoding = 4; lastKnownFileType = net.daringfireball.markdown; path = README.md; sourceTree = "<group>"; };
		893EA3E9230D3B6C00A03E77 /* PhysicalLocationManager.swift */ = {isa = PBXFileReference; lastKnownFileType = sourcecode.swift; path = PhysicalLocationManager.swift; sourceTree = "<group>"; };
		893EA3EB230D402E00A03E77 /* MockLocationManager.swift */ = {isa = PBXFileReference; lastKnownFileType = sourcecode.swift; path = MockLocationManager.swift; sourceTree = "<group>"; };
		893EA3ED230D50A300A03E77 /* RemarksTest.swift */ = {isa = PBXFileReference; lastKnownFileType = sourcecode.swift; path = RemarksTest.swift; sourceTree = "<group>"; };
/* End PBXFileReference section */

/* Begin PBXFrameworksBuildPhase section */
		893EA371230907E500A03E77 /* Frameworks */ = {
			isa = PBXFrameworksBuildPhase;
			buildActionMask = 2147483647;
			files = (
			);
			runOnlyForDeploymentPostprocessing = 0;
		};
		893EA385230907E700A03E77 /* Frameworks */ = {
			isa = PBXFrameworksBuildPhase;
			buildActionMask = 2147483647;
			files = (
			);
			runOnlyForDeploymentPostprocessing = 0;
		};
		893EA390230907E700A03E77 /* Frameworks */ = {
			isa = PBXFrameworksBuildPhase;
			buildActionMask = 2147483647;
			files = (
			);
			runOnlyForDeploymentPostprocessing = 0;
		};
/* End PBXFrameworksBuildPhase section */

/* Begin PBXGroup section */
		893EA36B230907E500A03E77 = {
			isa = PBXGroup;
			children = (
				893EA3E4230D38D000A03E77 /* README.md */,
				893EA376230907E600A03E77 /* Landmark Remark */,
				893EA38B230907E700A03E77 /* Landmark RemarkTests */,
				893EA396230907E700A03E77 /* Landmark RemarkUITests */,
				893EA375230907E600A03E77 /* Products */,
			);
			sourceTree = "<group>";
		};
		893EA375230907E600A03E77 /* Products */ = {
			isa = PBXGroup;
			children = (
				893EA374230907E600A03E77 /* Landmark Remark.app */,
				893EA388230907E700A03E77 /* Landmark RemarkTests.xctest */,
				893EA393230907E700A03E77 /* Landmark RemarkUITests.xctest */,
			);
			name = Products;
			sourceTree = "<group>";
		};
		893EA376230907E600A03E77 /* Landmark Remark */ = {
			isa = PBXGroup;
			children = (
				893EA3E8230D3B5600A03E77 /* Location Manager */,
				893EA3C92309FF0D00A03E77 /* View */,
				893EA3B82309538700A03E77 /* Service */,
				893EA3B5230942A400A03E77 /* View Model */,
				893EA3B22309412E00A03E77 /* Model */,
				893EA3B123093AB900A03E77 /* View Controller */,
				893EA3AC230935D000A03E77 /* Coordinator */,
				893EA377230907E600A03E77 /* AppDelegate.swift */,
				893EA37E230907E700A03E77 /* Assets.xcassets */,
				893EA383230907E700A03E77 /* Info.plist */,
			);
			path = "Landmark Remark";
			sourceTree = "<group>";
		};
		893EA38B230907E700A03E77 /* Landmark RemarkTests */ = {
			isa = PBXGroup;
			children = (
				893EA38E230907E700A03E77 /* Info.plist */,
				893EA3ED230D50A300A03E77 /* RemarksTest.swift */,
				893EA38C230907E700A03E77 /* UserLocationTests.swift */,
			);
			path = "Landmark RemarkTests";
			sourceTree = "<group>";
		};
		893EA396230907E700A03E77 /* Landmark RemarkUITests */ = {
			isa = PBXGroup;
			children = (
				893EA397230907E700A03E77 /* Landmark_RemarkUITests.swift */,
				893EA399230907E700A03E77 /* Info.plist */,
			);
			path = "Landmark RemarkUITests";
			sourceTree = "<group>";
		};
		893EA3AC230935D000A03E77 /* Coordinator */ = {
			isa = PBXGroup;
			children = (
				893EA3AF230935FD00A03E77 /* AppCoordinator.swift */,
				893EA3AD230935E200A03E77 /* Coordinator.swift */,
				893EA3D8230D053900A03E77 /* NoteCoordinator.swift */,
				893EA3E2230D1D2900A03E77 /* MapCoordinator.swift */,
			);
			path = Coordinator;
			sourceTree = "<group>";
		};
		893EA3B123093AB900A03E77 /* View Controller */ = {
			isa = PBXGroup;
			children = (
				893EA380230907E700A03E77 /* LaunchScreen.storyboard */,
				893EA3A823092DF900A03E77 /* MapViewController.swift */,
				893EA3A923092DF900A03E77 /* MapViewController.xib */,
				893EA3DC230D0C7300A03E77 /* SetupViewController.swift */,
				893EA3DD230D0C7300A03E77 /* SetupViewController.xib */,
			);
			path = "View Controller";
			sourceTree = "<group>";
		};
		893EA3B22309412E00A03E77 /* Model */ = {
			isa = PBXGroup;
			children = (
				893EA3B32309414D00A03E77 /* Remark.swift */,
			);
			path = Model;
			sourceTree = "<group>";
		};
		893EA3B5230942A400A03E77 /* View Model */ = {
			isa = PBXGroup;
			children = (
				893EA3B6230942B000A03E77 /* MapViewModel.swift */,
				893EA3E0230D1AE900A03E77 /* SetupViewModel.swift */,
			);
			path = "View Model";
			sourceTree = "<group>";
		};
		893EA3B82309538700A03E77 /* Service */ = {
			isa = PBXGroup;
			children = (
				893EA3CE230CC28C00A03E77 /* APIService.swift */,
				893EA3C12309F71F00A03E77 /* MockData.swift */,
				893EA3B92309549800A03E77 /* MockService.swift */,
				893EA3D4230CE6D700A03E77 /* SearchResponse.swift */,
				893EA3BB230954CA00A03E77 /* Service.swift */,
			);
			path = Service;
			sourceTree = "<group>";
		};
		893EA3C92309FF0D00A03E77 /* View */ = {
			isa = PBXGroup;
			children = (
				893EA3D6230CF8C900A03E77 /* AlertHelper.swift */,
				893EA3C52309FB0100A03E77 /* PinStyle.swift */,
				893EA3CA2309FF1B00A03E77 /* Theme.swift */,
			);
			path = View;
			sourceTree = "<group>";
		};
		893EA3E8230D3B5600A03E77 /* Location Manager */ = {
			isa = PBXGroup;
			children = (
				893EA3DA230D099300A03E77 /* LocationManager.swift */,
				893EA3E9230D3B6C00A03E77 /* PhysicalLocationManager.swift */,
				893EA3EB230D402E00A03E77 /* MockLocationManager.swift */,
			);
			path = "Location Manager";
			sourceTree = "<group>";
		};
/* End PBXGroup section */

/* Begin PBXNativeTarget section */
		893EA373230907E500A03E77 /* Landmark Remark */ = {
			isa = PBXNativeTarget;
			buildConfigurationList = 893EA39C230907E700A03E77 /* Build configuration list for PBXNativeTarget "Landmark Remark" */;
			buildPhases = (
				893EA370230907E500A03E77 /* Sources */,
				893EA371230907E500A03E77 /* Frameworks */,
				893EA372230907E500A03E77 /* Resources */,
			);
			buildRules = (
			);
			dependencies = (
			);
			name = "Landmark Remark";
			productName = "Landmark Remark";
			productReference = 893EA374230907E600A03E77 /* Landmark Remark.app */;
			productType = "com.apple.product-type.application";
		};
		893EA387230907E700A03E77 /* Landmark RemarkTests */ = {
			isa = PBXNativeTarget;
			buildConfigurationList = 893EA39F230907E700A03E77 /* Build configuration list for PBXNativeTarget "Landmark RemarkTests" */;
			buildPhases = (
				893EA384230907E700A03E77 /* Sources */,
				893EA385230907E700A03E77 /* Frameworks */,
				893EA386230907E700A03E77 /* Resources */,
			);
			buildRules = (
			);
			dependencies = (
				893EA38A230907E700A03E77 /* PBXTargetDependency */,
			);
			name = "Landmark RemarkTests";
			productName = "Landmark RemarkTests";
			productReference = 893EA388230907E700A03E77 /* Landmark RemarkTests.xctest */;
			productType = "com.apple.product-type.bundle.unit-test";
		};
		893EA392230907E700A03E77 /* Landmark RemarkUITests */ = {
			isa = PBXNativeTarget;
			buildConfigurationList = 893EA3A2230907E700A03E77 /* Build configuration list for PBXNativeTarget "Landmark RemarkUITests" */;
			buildPhases = (
				893EA38F230907E700A03E77 /* Sources */,
				893EA390230907E700A03E77 /* Frameworks */,
				893EA391230907E700A03E77 /* Resources */,
			);
			buildRules = (
			);
			dependencies = (
				893EA395230907E700A03E77 /* PBXTargetDependency */,
			);
			name = "Landmark RemarkUITests";
			productName = "Landmark RemarkUITests";
			productReference = 893EA393230907E700A03E77 /* Landmark RemarkUITests.xctest */;
			productType = "com.apple.product-type.bundle.ui-testing";
		};
/* End PBXNativeTarget section */

/* Begin PBXProject section */
		893EA36C230907E500A03E77 /* Project object */ = {
			isa = PBXProject;
			attributes = {
				LastSwiftUpdateCheck = 1030;
				LastUpgradeCheck = 1030;
				ORGANIZATIONNAME = "Andres Kievsky";
				TargetAttributes = {
					893EA373230907E500A03E77 = {
						CreatedOnToolsVersion = 10.3;
					};
					893EA387230907E700A03E77 = {
						CreatedOnToolsVersion = 10.3;
						TestTargetID = 893EA373230907E500A03E77;
					};
					893EA392230907E700A03E77 = {
						CreatedOnToolsVersion = 10.3;
						TestTargetID = 893EA373230907E500A03E77;
					};
				};
			};
			buildConfigurationList = 893EA36F230907E500A03E77 /* Build configuration list for PBXProject "Landmark Remark" */;
			compatibilityVersion = "Xcode 9.3";
			developmentRegion = en;
			hasScannedForEncodings = 0;
			knownRegions = (
				en,
				Base,
			);
			mainGroup = 893EA36B230907E500A03E77;
			productRefGroup = 893EA375230907E600A03E77 /* Products */;
			projectDirPath = "";
			projectRoot = "";
			targets = (
				893EA373230907E500A03E77 /* Landmark Remark */,
				893EA387230907E700A03E77 /* Landmark RemarkTests */,
				893EA392230907E700A03E77 /* Landmark RemarkUITests */,
			);
		};
/* End PBXProject section */

/* Begin PBXResourcesBuildPhase section */
		893EA372230907E500A03E77 /* Resources */ = {
			isa = PBXResourcesBuildPhase;
			buildActionMask = 2147483647;
			files = (
				893EA3DF230D0C7300A03E77 /* SetupViewController.xib in Resources */,
				893EA382230907E700A03E77 /* LaunchScreen.storyboard in Resources */,
				893EA3E5230D38D100A03E77 /* README.md in Resources */,
				893EA3AB23092DF900A03E77 /* MapViewController.xib in Resources */,
				893EA37F230907E700A03E77 /* Assets.xcassets in Resources */,
			);
			runOnlyForDeploymentPostprocessing = 0;
		};
		893EA386230907E700A03E77 /* Resources */ = {
			isa = PBXResourcesBuildPhase;
			buildActionMask = 2147483647;
			files = (
			);
			runOnlyForDeploymentPostprocessing = 0;
		};
		893EA391230907E700A03E77 /* Resources */ = {
			isa = PBXResourcesBuildPhase;
			buildActionMask = 2147483647;
			files = (
			);
			runOnlyForDeploymentPostprocessing = 0;
		};
/* End PBXResourcesBuildPhase section */

/* Begin PBXSourcesBuildPhase section */
		893EA370230907E500A03E77 /* Sources */ = {
			isa = PBXSourcesBuildPhase;
			buildActionMask = 2147483647;
			files = (
				893EA3D5230CE6D700A03E77 /* SearchResponse.swift in Sources */,
				893EA3B42309414D00A03E77 /* Remark.swift in Sources */,
				893EA3EC230D402E00A03E77 /* MockLocationManager.swift in Sources */,
				893EA3BC230954CA00A03E77 /* Service.swift in Sources */,
				893EA3C62309FB0100A03E77 /* PinStyle.swift in Sources */,
				893EA3DB230D099300A03E77 /* LocationManager.swift in Sources */,
				893EA3EA230D3B6C00A03E77 /* PhysicalLocationManager.swift in Sources */,
				893EA3D7230CF8C900A03E77 /* AlertHelper.swift in Sources */,
				893EA378230907E600A03E77 /* AppDelegate.swift in Sources */,
				893EA3BA2309549800A03E77 /* MockService.swift in Sources */,
				893EA3E3230D1D2900A03E77 /* MapCoordinator.swift in Sources */,
				893EA3D9230D053900A03E77 /* NoteCoordinator.swift in Sources */,
				893EA3B0230935FD00A03E77 /* AppCoordinator.swift in Sources */,
				893EA3E1230D1AE900A03E77 /* SetupViewModel.swift in Sources */,
				893EA3DE230D0C7300A03E77 /* SetupViewController.swift in Sources */,
				893EA3AA23092DF900A03E77 /* MapViewController.swift in Sources */,
				893EA3AE230935E200A03E77 /* Coordinator.swift in Sources */,
				893EA3CB2309FF1B00A03E77 /* Theme.swift in Sources */,
				893EA3B7230942B000A03E77 /* MapViewModel.swift in Sources */,
				893EA3CF230CC28C00A03E77 /* APIService.swift in Sources */,
				893EA3C22309F71F00A03E77 /* MockData.swift in Sources */,
			);
			runOnlyForDeploymentPostprocessing = 0;
		};
		893EA384230907E700A03E77 /* Sources */ = {
			isa = PBXSourcesBuildPhase;
			buildActionMask = 2147483647;
			files = (
				893EA38D230907E700A03E77 /* UserLocationTests.swift in Sources */,
				893EA3C32309F71F00A03E77 /* MockData.swift in Sources */,
				893EA3EE230D50A300A03E77 /* RemarksTest.swift in Sources */,
			);
			runOnlyForDeploymentPostprocessing = 0;
		};
		893EA38F230907E700A03E77 /* Sources */ = {
			isa = PBXSourcesBuildPhase;
			buildActionMask = 2147483647;
			files = (
				893EA398230907E700A03E77 /* Landmark_RemarkUITests.swift in Sources */,
				893EA3C42309F71F00A03E77 /* MockData.swift in Sources */,
			);
			runOnlyForDeploymentPostprocessing = 0;
		};
/* End PBXSourcesBuildPhase section */

/* Begin PBXTargetDependency section */
		893EA38A230907E700A03E77 /* PBXTargetDependency */ = {
			isa = PBXTargetDependency;
			target = 893EA373230907E500A03E77 /* Landmark Remark */;
			targetProxy = 893EA389230907E700A03E77 /* PBXContainerItemProxy */;
		};
		893EA395230907E700A03E77 /* PBXTargetDependency */ = {
			isa = PBXTargetDependency;
			target = 893EA373230907E500A03E77 /* Landmark Remark */;
			targetProxy = 893EA394230907E700A03E77 /* PBXContainerItemProxy */;
		};
/* End PBXTargetDependency section */

/* Begin PBXVariantGroup section */
		893EA380230907E700A03E77 /* LaunchScreen.storyboard */ = {
			isa = PBXVariantGroup;
			children = (
				893EA381230907E700A03E77 /* Base */,
			);
			name = LaunchScreen.storyboard;
			sourceTree = "<group>";
		};
/* End PBXVariantGroup section */

/* Begin XCBuildConfiguration section */
		893EA39A230907E700A03E77 /* Debug */ = {
			isa = XCBuildConfiguration;
			buildSettings = {
				ALWAYS_SEARCH_USER_PATHS = NO;
				CLANG_ANALYZER_NONNULL = YES;
				CLANG_ANALYZER_NUMBER_OBJECT_CONVERSION = YES_AGGRESSIVE;
				CLANG_CXX_LANGUAGE_STANDARD = "gnu++14";
				CLANG_CXX_LIBRARY = "libc++";
				CLANG_ENABLE_MODULES = YES;
				CLANG_ENABLE_OBJC_ARC = YES;
				CLANG_ENABLE_OBJC_WEAK = YES;
				CLANG_WARN_BLOCK_CAPTURE_AUTORELEASING = YES;
				CLANG_WARN_BOOL_CONVERSION = YES;
				CLANG_WARN_COMMA = YES;
				CLANG_WARN_CONSTANT_CONVERSION = YES;
				CLANG_WARN_DEPRECATED_OBJC_IMPLEMENTATIONS = YES;
				CLANG_WARN_DIRECT_OBJC_ISA_USAGE = YES_ERROR;
				CLANG_WARN_DOCUMENTATION_COMMENTS = YES;
				CLANG_WARN_EMPTY_BODY = YES;
				CLANG_WARN_ENUM_CONVERSION = YES;
				CLANG_WARN_INFINITE_RECURSION = YES;
				CLANG_WARN_INT_CONVERSION = YES;
				CLANG_WARN_NON_LITERAL_NULL_CONVERSION = YES;
				CLANG_WARN_OBJC_IMPLICIT_RETAIN_SELF = YES;
				CLANG_WARN_OBJC_LITERAL_CONVERSION = YES;
				CLANG_WARN_OBJC_ROOT_CLASS = YES_ERROR;
				CLANG_WARN_RANGE_LOOP_ANALYSIS = YES;
				CLANG_WARN_STRICT_PROTOTYPES = YES;
				CLANG_WARN_SUSPICIOUS_MOVE = YES;
				CLANG_WARN_UNGUARDED_AVAILABILITY = YES_AGGRESSIVE;
				CLANG_WARN_UNREACHABLE_CODE = YES;
				CLANG_WARN__DUPLICATE_METHOD_MATCH = YES;
				CODE_SIGN_IDENTITY = "iPhone Developer";
				COPY_PHASE_STRIP = NO;
				DEBUG_INFORMATION_FORMAT = dwarf;
				ENABLE_STRICT_OBJC_MSGSEND = YES;
				ENABLE_TESTABILITY = YES;
				GCC_C_LANGUAGE_STANDARD = gnu11;
				GCC_DYNAMIC_NO_PIC = NO;
				GCC_NO_COMMON_BLOCKS = YES;
				GCC_OPTIMIZATION_LEVEL = 0;
				GCC_PREPROCESSOR_DEFINITIONS = (
					"DEBUG=1",
					"$(inherited)",
				);
				GCC_WARN_64_TO_32_BIT_CONVERSION = YES;
				GCC_WARN_ABOUT_RETURN_TYPE = YES_ERROR;
				GCC_WARN_UNDECLARED_SELECTOR = YES;
				GCC_WARN_UNINITIALIZED_AUTOS = YES_AGGRESSIVE;
				GCC_WARN_UNUSED_FUNCTION = YES;
				GCC_WARN_UNUSED_VARIABLE = YES;
				IPHONEOS_DEPLOYMENT_TARGET = 10.0;
				MTL_ENABLE_DEBUG_INFO = INCLUDE_SOURCE;
				MTL_FAST_MATH = YES;
				ONLY_ACTIVE_ARCH = YES;
				SDKROOT = iphoneos;
				SWIFT_ACTIVE_COMPILATION_CONDITIONS = DEBUG;
				SWIFT_OPTIMIZATION_LEVEL = "-Onone";
			};
			name = Debug;
		};
		893EA39B230907E700A03E77 /* Release */ = {
			isa = XCBuildConfiguration;
			buildSettings = {
				ALWAYS_SEARCH_USER_PATHS = NO;
				CLANG_ANALYZER_NONNULL = YES;
				CLANG_ANALYZER_NUMBER_OBJECT_CONVERSION = YES_AGGRESSIVE;
				CLANG_CXX_LANGUAGE_STANDARD = "gnu++14";
				CLANG_CXX_LIBRARY = "libc++";
				CLANG_ENABLE_MODULES = YES;
				CLANG_ENABLE_OBJC_ARC = YES;
				CLANG_ENABLE_OBJC_WEAK = YES;
				CLANG_WARN_BLOCK_CAPTURE_AUTORELEASING = YES;
				CLANG_WARN_BOOL_CONVERSION = YES;
				CLANG_WARN_COMMA = YES;
				CLANG_WARN_CONSTANT_CONVERSION = YES;
				CLANG_WARN_DEPRECATED_OBJC_IMPLEMENTATIONS = YES;
				CLANG_WARN_DIRECT_OBJC_ISA_USAGE = YES_ERROR;
				CLANG_WARN_DOCUMENTATION_COMMENTS = YES;
				CLANG_WARN_EMPTY_BODY = YES;
				CLANG_WARN_ENUM_CONVERSION = YES;
				CLANG_WARN_INFINITE_RECURSION = YES;
				CLANG_WARN_INT_CONVERSION = YES;
				CLANG_WARN_NON_LITERAL_NULL_CONVERSION = YES;
				CLANG_WARN_OBJC_IMPLICIT_RETAIN_SELF = YES;
				CLANG_WARN_OBJC_LITERAL_CONVERSION = YES;
				CLANG_WARN_OBJC_ROOT_CLASS = YES_ERROR;
				CLANG_WARN_RANGE_LOOP_ANALYSIS = YES;
				CLANG_WARN_STRICT_PROTOTYPES = YES;
				CLANG_WARN_SUSPICIOUS_MOVE = YES;
				CLANG_WARN_UNGUARDED_AVAILABILITY = YES_AGGRESSIVE;
				CLANG_WARN_UNREACHABLE_CODE = YES;
				CLANG_WARN__DUPLICATE_METHOD_MATCH = YES;
				CODE_SIGN_IDENTITY = "iPhone Developer";
				COPY_PHASE_STRIP = NO;
				DEBUG_INFORMATION_FORMAT = "dwarf-with-dsym";
				ENABLE_NS_ASSERTIONS = NO;
				ENABLE_STRICT_OBJC_MSGSEND = YES;
				GCC_C_LANGUAGE_STANDARD = gnu11;
				GCC_NO_COMMON_BLOCKS = YES;
				GCC_WARN_64_TO_32_BIT_CONVERSION = YES;
				GCC_WARN_ABOUT_RETURN_TYPE = YES_ERROR;
				GCC_WARN_UNDECLARED_SELECTOR = YES;
				GCC_WARN_UNINITIALIZED_AUTOS = YES_AGGRESSIVE;
				GCC_WARN_UNUSED_FUNCTION = YES;
				GCC_WARN_UNUSED_VARIABLE = YES;
				IPHONEOS_DEPLOYMENT_TARGET = 10.0;
				MTL_ENABLE_DEBUG_INFO = NO;
				MTL_FAST_MATH = YES;
				SDKROOT = iphoneos;
				SWIFT_COMPILATION_MODE = wholemodule;
				SWIFT_OPTIMIZATION_LEVEL = "-O";
				VALIDATE_PRODUCT = YES;
			};
			name = Release;
		};
		893EA39D230907E700A03E77 /* Debug */ = {
			isa = XCBuildConfiguration;
			buildSettings = {
				ASSETCATALOG_COMPILER_APPICON_NAME = AppIcon;
				CODE_SIGN_STYLE = Automatic;
				INFOPLIST_FILE = "Landmark Remark/Info.plist";
				LD_RUNPATH_SEARCH_PATHS = (
					"$(inherited)",
					"@executable_path/Frameworks",
				);
				PRODUCT_BUNDLE_IDENTIFIER = "au.com.kievsky.Landmark-Remark";
				PRODUCT_NAME = "$(TARGET_NAME)";
				SWIFT_VERSION = 5.0;
				TARGETED_DEVICE_FAMILY = 1;
			};
			name = Debug;
		};
		893EA39E230907E700A03E77 /* Release */ = {
			isa = XCBuildConfiguration;
			buildSettings = {
				ASSETCATALOG_COMPILER_APPICON_NAME = AppIcon;
				CODE_SIGN_STYLE = Automatic;
				INFOPLIST_FILE = "Landmark Remark/Info.plist";
				LD_RUNPATH_SEARCH_PATHS = (
					"$(inherited)",
					"@executable_path/Frameworks",
				);
				PRODUCT_BUNDLE_IDENTIFIER = "au.com.kievsky.Landmark-Remark";
				PRODUCT_NAME = "$(TARGET_NAME)";
				SWIFT_VERSION = 5.0;
				TARGETED_DEVICE_FAMILY = 1;
			};
			name = Release;
		};
		893EA3A0230907E700A03E77 /* Debug */ = {
			isa = XCBuildConfiguration;
			buildSettings = {
				ALWAYS_EMBED_SWIFT_STANDARD_LIBRARIES = YES;
				BUNDLE_LOADER = "$(TEST_HOST)";
				CODE_SIGN_STYLE = Automatic;
				INFOPLIST_FILE = "Landmark RemarkTests/Info.plist";
				LD_RUNPATH_SEARCH_PATHS = (
					"$(inherited)",
					"@executable_path/Frameworks",
					"@loader_path/Frameworks",
				);
				PRODUCT_BUNDLE_IDENTIFIER = "au.com.kievsky.Landmark-RemarkTests";
				PRODUCT_NAME = "$(TARGET_NAME)";
				SWIFT_VERSION = 5.0;
				TARGETED_DEVICE_FAMILY = "1,2";
				TEST_HOST = "$(BUILT_PRODUCTS_DIR)/Landmark Remark.app/Landmark Remark";
			};
			name = Debug;
		};
		893EA3A1230907E700A03E77 /* Release */ = {
			isa = XCBuildConfiguration;
			buildSettings = {
				ALWAYS_EMBED_SWIFT_STANDARD_LIBRARIES = YES;
				BUNDLE_LOADER = "$(TEST_HOST)";
				CODE_SIGN_STYLE = Automatic;
				INFOPLIST_FILE = "Landmark RemarkTests/Info.plist";
				LD_RUNPATH_SEARCH_PATHS = (
					"$(inherited)",
					"@executable_path/Frameworks",
					"@loader_path/Frameworks",
				);
				PRODUCT_BUNDLE_IDENTIFIER = "au.com.kievsky.Landmark-RemarkTests";
				PRODUCT_NAME = "$(TARGET_NAME)";
				SWIFT_VERSION = 5.0;
				TARGETED_DEVICE_FAMILY = "1,2";
				TEST_HOST = "$(BUILT_PRODUCTS_DIR)/Landmark Remark.app/Landmark Remark";
			};
			name = Release;
		};
		893EA3A3230907E700A03E77 /* Debug */ = {
			isa = XCBuildConfiguration;
			buildSettings = {
				ALWAYS_EMBED_SWIFT_STANDARD_LIBRARIES = YES;
				CODE_SIGN_STYLE = Automatic;
				INFOPLIST_FILE = "Landmark RemarkUITests/Info.plist";
				LD_RUNPATH_SEARCH_PATHS = (
					"$(inherited)",
					"@executable_path/Frameworks",
					"@loader_path/Frameworks",
				);
				PRODUCT_BUNDLE_IDENTIFIER = "au.com.kievsky.Landmark-RemarkUITests";
				PRODUCT_NAME = "$(TARGET_NAME)";
				SWIFT_VERSION = 5.0;
				TARGETED_DEVICE_FAMILY = "1,2";
				TEST_TARGET_NAME = "Landmark Remark";
			};
			name = Debug;
		};
		893EA3A4230907E700A03E77 /* Release */ = {
			isa = XCBuildConfiguration;
			buildSettings = {
				ALWAYS_EMBED_SWIFT_STANDARD_LIBRARIES = YES;
				CODE_SIGN_STYLE = Automatic;
				INFOPLIST_FILE = "Landmark RemarkUITests/Info.plist";
				LD_RUNPATH_SEARCH_PATHS = (
					"$(inherited)",
					"@executable_path/Frameworks",
					"@loader_path/Frameworks",
				);
				PRODUCT_BUNDLE_IDENTIFIER = "au.com.kievsky.Landmark-RemarkUITests";
				PRODUCT_NAME = "$(TARGET_NAME)";
				SWIFT_VERSION = 5.0;
				TARGETED_DEVICE_FAMILY = "1,2";
				TEST_TARGET_NAME = "Landmark Remark";
			};
			name = Release;
		};
/* End XCBuildConfiguration section */

/* Begin XCConfigurationList section */
		893EA36F230907E500A03E77 /* Build configuration list for PBXProject "Landmark Remark" */ = {
			isa = XCConfigurationList;
			buildConfigurations = (
				893EA39A230907E700A03E77 /* Debug */,
				893EA39B230907E700A03E77 /* Release */,
			);
			defaultConfigurationIsVisible = 0;
			defaultConfigurationName = Release;
		};
		893EA39C230907E700A03E77 /* Build configuration list for PBXNativeTarget "Landmark Remark" */ = {
			isa = XCConfigurationList;
			buildConfigurations = (
				893EA39D230907E700A03E77 /* Debug */,
				893EA39E230907E700A03E77 /* Release */,
			);
			defaultConfigurationIsVisible = 0;
			defaultConfigurationName = Release;
		};
		893EA39F230907E700A03E77 /* Build configuration list for PBXNativeTarget "Landmark RemarkTests" */ = {
			isa = XCConfigurationList;
			buildConfigurations = (
				893EA3A0230907E700A03E77 /* Debug */,
				893EA3A1230907E700A03E77 /* Release */,
			);
			defaultConfigurationIsVisible = 0;
			defaultConfigurationName = Release;
		};
		893EA3A2230907E700A03E77 /* Build configuration list for PBXNativeTarget "Landmark RemarkUITests" */ = {
			isa = XCConfigurationList;
			buildConfigurations = (
				893EA3A3230907E700A03E77 /* Debug */,
				893EA3A4230907E700A03E77 /* Release */,
			);
			defaultConfigurationIsVisible = 0;
			defaultConfigurationName = Release;
		};
/* End XCConfigurationList section */
	};
	rootObject = 893EA36C230907E500A03E77 /* Project object */;
}
